
Microsoft Visual Studio Solution File, Format Version 12.00
# Visual Studio 15
VisualStudioVersion = 15.0.28307.106
MinimumVisualStudioVersion = 10.0.40219.1
Project("{9A19103F-16F7-4668-BE54-9A1E7A4F7556}") = "Api", "Api\Api.csproj", "{F3565E87-E263-4D80-8B9E-93EA21811B13}"
EndProject
Project("{FAE04EC0-301F-11D3-BF4B-00C04F79EFBC}") = "WpfClientPrism", "WpfClientPrism\WpfClientPrism.csproj", "{1935FAE7-064E-40D4-99B4-6D4627408186}"
EndProject
Global
	GlobalSection(SolutionConfigurationPlatforms) = preSolution
		Debug|Any CPU = Debug|Any CPU
		Release|Any CPU = Release|Any CPU
	EndGlobalSection
	GlobalSection(ProjectConfigurationPlatforms) = postSolution
		{F3565E87-E263-4D80-8B9E-93EA21811B13}.Debug|Any CPU.ActiveCfg = Debug|Any CPU
		{F3565E87-E263-4D80-8B9E-93EA21811B13}.Debug|Any CPU.Build.0 = Debug|Any CPU
		{F3565E87-E263-4D80-8B9E-93EA21811B13}.Release|Any CPU.ActiveCfg = Release|Any CPU
		{F3565E87-E263-4D80-8B9E-93EA21811B13}.Release|Any CPU.Build.0 = Release|Any CPU
		{1935FAE7-064E-40D4-99B4-6D4627408186}.Debug|Any CPU.ActiveCfg = Debug|Any CPU
		{1935FAE7-064E-40D4-99B4-6D4627408186}.Debug|Any CPU.Build.0 = Debug|Any CPU
		{1935FAE7-064E-40D4-99B4-6D4627408186}.Release|Any CPU.ActiveCfg = Release|Any CPU
		{1935FAE7-064E-40D4-99B4-6D4627408186}.Release|Any CPU.Build.0 = Release|Any CPU
	EndGlobalSection
	GlobalSection(SolutionProperties) = preSolution
		HideSolutionNode = FALSE
	EndGlobalSection
	GlobalSection(ExtensibilityGlobals) = postSolution
		SolutionGuid = {1E8FD4B4-41C6-4E0C-AD88-94A3F36C84D2}
	EndGlobalSection
EndGlobal
